
Microsoft Visual Studio Solution File, Format Version 12.00
# Visual Studio Version 17
VisualStudioVersion = 17.3.32901.215
MinimumVisualStudioVersion = 10.0.40219.1
Project("{FAE04EC0-301F-11D3-BF4B-00C04F79EFBC}") = "Employee Wage", "Employee Wage\Employee Wage.csproj", "{B1A99F55-316F-4EFD-ACA4-3C2B304F349F}"
EndProject
Global
	GlobalSection(SolutionConfigurationPlatforms) = preSolution
		Debug|Any CPU = Debug|Any CPU
		Release|Any CPU = Release|Any CPU
	EndGlobalSection
	GlobalSection(ProjectConfigurationPlatforms) = postSolution
		{B1A99F55-316F-4EFD-ACA4-3C2B304F349F}.Debug|Any CPU.ActiveCfg = Debug|Any CPU
		{B1A99F55-316F-4EFD-ACA4-3C2B304F349F}.Debug|Any CPU.Build.0 = Debug|Any CPU
		{B1A99F55-316F-4EFD-ACA4-3C2B304F349F}.Release|Any CPU.ActiveCfg = Release|Any CPU
		{B1A99F55-316F-4EFD-ACA4-3C2B304F349F}.Release|Any CPU.Build.0 = Release|Any CPU
	EndGlobalSection
	GlobalSection(SolutionProperties) = preSolution
		HideSolutionNode = FALSE
	EndGlobalSection
	GlobalSection(ExtensibilityGlobals) = postSolution
		SolutionGuid = {0961D9CA-3222-4BFB-BF9D-8882BBE26357}
	EndGlobalSection
EndGlobal
